
Microsoft Visual Studio Solution File, Format Version 12.00
# Visual Studio 2012
Project("{FAE04EC0-301F-11D3-BF4B-00C04F79EFBC}") = "SFScheduleHelper", "SFScheduleHelper\SFScheduleHelper.csproj", "{54553ED5-4A4B-4BC4-BCE6-30DB0F6F6020}"
EndProject
Project("{FAE04EC0-301F-11D3-BF4B-00C04F79EFBC}") = "TestUnit", "TestUnit\TestUnit.csproj", "{5F79FAC4-2374-4AF6-9074-C0958D1E8BA5}"
EndProject
Global
	GlobalSection(SolutionConfigurationPlatforms) = preSolution
		Debug|Any CPU = Debug|Any CPU
		Release|Any CPU = Release|Any CPU
	EndGlobalSection
	GlobalSection(ProjectConfigurationPlatforms) = postSolution
		{54553ED5-4A4B-4BC4-BCE6-30DB0F6F6020}.Debug|Any CPU.ActiveCfg = Debug|Any CPU
		{54553ED5-4A4B-4BC4-BCE6-30DB0F6F6020}.Debug|Any CPU.Build.0 = Debug|Any CPU
		{54553ED5-4A4B-4BC4-BCE6-30DB0F6F6020}.Release|Any CPU.ActiveCfg = Release|Any CPU
		{54553ED5-4A4B-4BC4-BCE6-30DB0F6F6020}.Release|Any CPU.Build.0 = Release|Any CPU
		{5F79FAC4-2374-4AF6-9074-C0958D1E8BA5}.Debug|Any CPU.ActiveCfg = Debug|Any CPU
		{5F79FAC4-2374-4AF6-9074-C0958D1E8BA5}.Debug|Any CPU.Build.0 = Debug|Any CPU
		{5F79FAC4-2374-4AF6-9074-C0958D1E8BA5}.Release|Any CPU.ActiveCfg = Release|Any CPU
		{5F79FAC4-2374-4AF6-9074-C0958D1E8BA5}.Release|Any CPU.Build.0 = Release|Any CPU
	EndGlobalSection
EndGlobal
