Microsoft Visual Studio Solution File, Format Version 12.00
# Visual Studio Version 16
VisualStudioVersion = 16.0.30011.22
MinimumVisualStudioVersion = 10.0.40219.1
Project("{9A19103F-16F7-4668-BE54-9A1E7A4F7556}") = "SFScheduleHelper", "SFScheduleHelper\SFScheduleHelper.csproj", "{54553ED5-4A4B-4BC4-BCE6-30DB0F6F6020}"
EndProject
Project("{FAE04EC0-301F-11D3-BF4B-00C04F79EFBC}") = "TestNUnit", "TestNUnit\TestNUnit.csproj", "{2B4054B8-DD3B-402D-B96D-BF49BA7F3CEB}"
EndProject
Global
	GlobalSection(SolutionConfigurationPlatforms) = preSolution
		Debug|Any CPU = Debug|Any CPU
		Release|Any CPU = Release|Any CPU
	EndGlobalSection
	GlobalSection(ProjectConfigurationPlatforms) = postSolution
		{54553ED5-4A4B-4BC4-BCE6-30DB0F6F6020}.Debug|Any CPU.ActiveCfg = Debug|Any CPU
		{54553ED5-4A4B-4BC4-BCE6-30DB0F6F6020}.Debug|Any CPU.Build.0 = Debug|Any CPU
		{54553ED5-4A4B-4BC4-BCE6-30DB0F6F6020}.Release|Any CPU.ActiveCfg = Release|Any CPU
		{54553ED5-4A4B-4BC4-BCE6-30DB0F6F6020}.Release|Any CPU.Build.0 = Release|Any CPU
		{2B4054B8-DD3B-402D-B96D-BF49BA7F3CEB}.Debug|Any CPU.ActiveCfg = Debug|Any CPU
		{2B4054B8-DD3B-402D-B96D-BF49BA7F3CEB}.Debug|Any CPU.Build.0 = Debug|Any CPU
		{2B4054B8-DD3B-402D-B96D-BF49BA7F3CEB}.Release|Any CPU.ActiveCfg = Release|Any CPU
		{2B4054B8-DD3B-402D-B96D-BF49BA7F3CEB}.Release|Any CPU.Build.0 = Release|Any CPU
	EndGlobalSection
	GlobalSection(SolutionProperties) = preSolution
		HideSolutionNode = FALSE
	EndGlobalSection
	GlobalSection(ExtensibilityGlobals) = postSolution
		SolutionGuid = {812F6991-6B05-4C40-A7F3-632F0E95A8BB}
	EndGlobalSection
EndGlobal
